
Microsoft Visual Studio Solution File, Format Version 12.00
# Visual Studio 15
VisualStudioVersion = 15.0.28010.2048
MinimumVisualStudioVersion = 10.0.40219.1
Project("{FAE04EC0-301F-11D3-BF4B-00C04F79EFBC}") = "GasolinaAlcool.Android", "GasolinaAlcool\GasolinaAlcool.Android\GasolinaAlcool.Android.csproj", "{56B8C7A4-F153-4A2E-AFCE-D139A8BA350F}"
EndProject
Project("{FAE04EC0-301F-11D3-BF4B-00C04F79EFBC}") = "GasolinaAlcool.iOS", "GasolinaAlcool\GasolinaAlcool.iOS\GasolinaAlcool.iOS.csproj", "{F71165E6-81C4-4FAE-9BE4-B97366BC5D70}"
EndProject
Project("{FAE04EC0-301F-11D3-BF4B-00C04F79EFBC}") = "GasolinaAlcool.UWP", "GasolinaAlcool\GasolinaAlcool.UWP\GasolinaAlcool.UWP.csproj", "{E8E29CF3-246E-4772-9283-C3E028863E5D}"
EndProject
Project("{9A19103F-16F7-4668-BE54-9A1E7A4F7556}") = "GasolinaAlcool", "GasolinaAlcool\GasolinaAlcool\GasolinaAlcool.csproj", "{D79B2263-A487-4964-99BE-A1D31538F3B6}"
EndProject
Global
	GlobalSection(SolutionConfigurationPlatforms) = preSolution
		Ad-Hoc|Any CPU = Ad-Hoc|Any CPU
		Ad-Hoc|ARM = Ad-Hoc|ARM
		Ad-Hoc|iPhone = Ad-Hoc|iPhone
		Ad-Hoc|iPhoneSimulator = Ad-Hoc|iPhoneSimulator
		Ad-Hoc|x64 = Ad-Hoc|x64
		Ad-Hoc|x86 = Ad-Hoc|x86
		AppStore|Any CPU = AppStore|Any CPU
		AppStore|ARM = AppStore|ARM
		AppStore|iPhone = AppStore|iPhone
		AppStore|iPhoneSimulator = AppStore|iPhoneSimulator
		AppStore|x64 = AppStore|x64
		AppStore|x86 = AppStore|x86
		Debug|Any CPU = Debug|Any CPU
		Debug|ARM = Debug|ARM
		Debug|iPhone = Debug|iPhone
		Debug|iPhoneSimulator = Debug|iPhoneSimulator
		Debug|x64 = Debug|x64
		Debug|x86 = Debug|x86
		Release|Any CPU = Release|Any CPU
		Release|ARM = Release|ARM
		Release|iPhone = Release|iPhone
		Release|iPhoneSimulator = Release|iPhoneSimulator
		Release|x64 = Release|x64
		Release|x86 = Release|x86
	EndGlobalSection
	GlobalSection(ProjectConfigurationPlatforms) = postSolution
		{56B8C7A4-F153-4A2E-AFCE-D139A8BA350F}.Ad-Hoc|Any CPU.ActiveCfg = Release|Any CPU
		{56B8C7A4-F153-4A2E-AFCE-D139A8BA350F}.Ad-Hoc|Any CPU.Build.0 = Release|Any CPU
		{56B8C7A4-F153-4A2E-AFCE-D139A8BA350F}.Ad-Hoc|Any CPU.Deploy.0 = Release|Any CPU
		{56B8C7A4-F153-4A2E-AFCE-D139A8BA350F}.Ad-Hoc|ARM.ActiveCfg = Release|Any CPU
		{56B8C7A4-F153-4A2E-AFCE-D139A8BA350F}.Ad-Hoc|ARM.Build.0 = Release|Any CPU
		{56B8C7A4-F153-4A2E-AFCE-D139A8BA350F}.Ad-Hoc|ARM.Deploy.0 = Release|Any CPU
		{56B8C7A4-F153-4A2E-AFCE-D139A8BA350F}.Ad-Hoc|iPhone.ActiveCfg = Release|Any CPU
		{56B8C7A4-F153-4A2E-AFCE-D139A8BA350F}.Ad-Hoc|iPhone.Build.0 = Release|Any CPU
		{56B8C7A4-F153-4A2E-AFCE-D139A8BA350F}.Ad-Hoc|iPhone.Deploy.0 = Release|Any CPU
		{56B8C7A4-F153-4A2E-AFCE-D139A8BA350F}.Ad-Hoc|iPhoneSimulator.ActiveCfg = Release|Any CPU
		{56B8C7A4-F153-4A2E-AFCE-D139A8BA350F}.Ad-Hoc|iPhoneSimulator.Build.0 = Release|Any CPU
		{56B8C7A4-F153-4A2E-AFCE-D139A8BA350F}.Ad-Hoc|iPhoneSimulator.Deploy.0 = Release|Any CPU
		{56B8C7A4-F153-4A2E-AFCE-D139A8BA350F}.Ad-Hoc|x64.ActiveCfg = Release|Any CPU
		{56B8C7A4-F153-4A2E-AFCE-D139A8BA350F}.Ad-Hoc|x64.Build.0 = Release|Any CPU
		{56B8C7A4-F153-4A2E-AFCE-D139A8BA350F}.Ad-Hoc|x64.Deploy.0 = Release|Any CPU
		{56B8C7A4-F153-4A2E-AFCE-D139A8BA350F}.Ad-Hoc|x86.ActiveCfg = Release|Any CPU
		{56B8C7A4-F153-4A2E-AFCE-D139A8BA350F}.Ad-Hoc|x86.Build.0 = Release|Any CPU
		{56B8C7A4-F153-4A2E-AFCE-D139A8BA350F}.Ad-Hoc|x86.Deploy.0 = Release|Any CPU
		{56B8C7A4-F153-4A2E-AFCE-D139A8BA350F}.AppStore|Any CPU.ActiveCfg = Release|Any CPU
		{56B8C7A4-F153-4A2E-AFCE-D139A8BA350F}.AppStore|Any CPU.Build.0 = Release|Any CPU
		{56B8C7A4-F153-4A2E-AFCE-D139A8BA350F}.AppStore|Any CPU.Deploy.0 = Release|Any CPU
		{56B8C7A4-F153-4A2E-AFCE-D139A8BA350F}.AppStore|ARM.ActiveCfg = Release|Any CPU
		{56B8C7A4-F153-4A2E-AFCE-D139A8BA350F}.AppStore|ARM.Build.0 = Release|Any CPU
		{56B8C7A4-F153-4A2E-AFCE-D139A8BA350F}.AppStore|ARM.Deploy.0 = Release|Any CPU
		{56B8C7A4-F153-4A2E-AFCE-D139A8BA350F}.AppStore|iPhone.ActiveCfg = Release|Any CPU
		{56B8C7A4-F153-4A2E-AFCE-D139A8BA350F}.AppStore|iPhone.Build.0 = Release|Any CPU
		{56B8C7A4-F153-4A2E-AFCE-D139A8BA350F}.AppStore|iPhone.Deploy.0 = Release|Any CPU
		{56B8C7A4-F153-4A2E-AFCE-D139A8BA350F}.AppStore|iPhoneSimulator.ActiveCfg = Release|Any CPU
		{56B8C7A4-F153-4A2E-AFCE-D139A8BA350F}.AppStore|iPhoneSimulator.Build.0 = Release|Any CPU
		{56B8C7A4-F153-4A2E-AFCE-D139A8BA350F}.AppStore|iPhoneSimulator.Deploy.0 = Release|Any CPU
		{56B8C7A4-F153-4A2E-AFCE-D139A8BA350F}.AppStore|x64.ActiveCfg = Release|Any CPU
		{56B8C7A4-F153-4A2E-AFCE-D139A8BA350F}.AppStore|x64.Build.0 = Release|Any CPU
		{56B8C7A4-F153-4A2E-AFCE-D139A8BA350F}.AppStore|x64.Deploy.0 = Release|Any CPU
		{56B8C7A4-F153-4A2E-AFCE-D139A8BA350F}.AppStore|x86.ActiveCfg = Release|Any CPU
		{56B8C7A4-F153-4A2E-AFCE-D139A8BA350F}.AppStore|x86.Build.0 = Release|Any CPU
		{56B8C7A4-F153-4A2E-AFCE-D139A8BA350F}.AppStore|x86.Deploy.0 = Release|Any CPU
		{56B8C7A4-F153-4A2E-AFCE-D139A8BA350F}.Debug|Any CPU.ActiveCfg = Debug|Any CPU
		{56B8C7A4-F153-4A2E-AFCE-D139A8BA350F}.Debug|Any CPU.Build.0 = Debug|Any CPU
		{56B8C7A4-F153-4A2E-AFCE-D139A8BA350F}.Debug|Any CPU.Deploy.0 = Debug|Any CPU
		{56B8C7A4-F153-4A2E-AFCE-D139A8BA350F}.Debug|ARM.ActiveCfg = Debug|Any CPU
		{56B8C7A4-F153-4A2E-AFCE-D139A8BA350F}.Debug|ARM.Build.0 = Debug|Any CPU
		{56B8C7A4-F153-4A2E-AFCE-D139A8BA350F}.Debug|ARM.Deploy.0 = Debug|Any CPU
		{56B8C7A4-F153-4A2E-AFCE-D139A8BA350F}.Debug|iPhone.ActiveCfg = Debug|Any CPU
		{56B8C7A4-F153-4A2E-AFCE-D139A8BA350F}.Debug|iPhone.Build.0 = Debug|Any CPU
		{56B8C7A4-F153-4A2E-AFCE-D139A8BA350F}.Debug|iPhone.Deploy.0 = Debug|Any CPU
		{56B8C7A4-F153-4A2E-AFCE-D139A8BA350F}.Debug|iPhoneSimulator.ActiveCfg = Debug|Any CPU
		{56B8C7A4-F153-4A2E-AFCE-D139A8BA350F}.Debug|iPhoneSimulator.Build.0 = Debug|Any CPU
		{56B8C7A4-F153-4A2E-AFCE-D139A8BA350F}.Debug|iPhoneSimulator.Deploy.0 = Debug|Any CPU
		{56B8C7A4-F153-4A2E-AFCE-D139A8BA350F}.Debug|x64.ActiveCfg = Debug|Any CPU
		{56B8C7A4-F153-4A2E-AFCE-D139A8BA350F}.Debug|x64.Build.0 = Debug|Any CPU
		{56B8C7A4-F153-4A2E-AFCE-D139A8BA350F}.Debug|x64.Deploy.0 = Debug|Any CPU
		{56B8C7A4-F153-4A2E-AFCE-D139A8BA350F}.Debug|x86.ActiveCfg = Debug|Any CPU
		{56B8C7A4-F153-4A2E-AFCE-D139A8BA350F}.Debug|x86.Build.0 = Debug|Any CPU
		{56B8C7A4-F153-4A2E-AFCE-D139A8BA350F}.Debug|x86.Deploy.0 = Debug|Any CPU
		{56B8C7A4-F153-4A2E-AFCE-D139A8BA350F}.Release|Any CPU.ActiveCfg = Release|Any CPU
		{56B8C7A4-F153-4A2E-AFCE-D139A8BA350F}.Release|Any CPU.Build.0 = Release|Any CPU
		{56B8C7A4-F153-4A2E-AFCE-D139A8BA350F}.Release|Any CPU.Deploy.0 = Release|Any CPU
		{56B8C7A4-F153-4A2E-AFCE-D139A8BA350F}.Release|ARM.ActiveCfg = Release|Any CPU
		{56B8C7A4-F153-4A2E-AFCE-D139A8BA350F}.Release|ARM.Build.0 = Release|Any CPU
		{56B8C7A4-F153-4A2E-AFCE-D139A8BA350F}.Release|ARM.Deploy.0 = Release|Any CPU
		{56B8C7A4-F153-4A2E-AFCE-D139A8BA350F}.Release|iPhone.ActiveCfg = Release|Any CPU
		{56B8C7A4-F153-4A2E-AFCE-D139A8BA350F}.Release|iPhone.Build.0 = Release|Any CPU
		{56B8C7A4-F153-4A2E-AFCE-D139A8BA350F}.Release|iPhone.Deploy.0 = Release|Any CPU
		{56B8C7A4-F153-4A2E-AFCE-D139A8BA350F}.Release|iPhoneSimulator.ActiveCfg = Release|Any CPU
		{56B8C7A4-F153-4A2E-AFCE-D139A8BA350F}.Release|iPhoneSimulator.Build.0 = Release|Any CPU
		{56B8C7A4-F153-4A2E-AFCE-D139A8BA350F}.Release|iPhoneSimulator.Deploy.0 = Release|Any CPU
		{56B8C7A4-F153-4A2E-AFCE-D139A8BA350F}.Release|x64.ActiveCfg = Release|Any CPU
		{56B8C7A4-F153-4A2E-AFCE-D139A8BA350F}.Release|x64.Build.0 = Release|Any CPU
		{56B8C7A4-F153-4A2E-AFCE-D139A8BA350F}.Release|x64.Deploy.0 = Release|Any CPU
		{56B8C7A4-F153-4A2E-AFCE-D139A8BA350F}.Release|x86.ActiveCfg = Release|Any CPU
		{56B8C7A4-F153-4A2E-AFCE-D139A8BA350F}.Release|x86.Build.0 = Release|Any CPU
		{56B8C7A4-F153-4A2E-AFCE-D139A8BA350F}.Release|x86.Deploy.0 = Release|Any CPU
		{F71165E6-81C4-4FAE-9BE4-B97366BC5D70}.Ad-Hoc|Any CPU.ActiveCfg = Ad-Hoc|iPhone
		{F71165E6-81C4-4FAE-9BE4-B97366BC5D70}.Ad-Hoc|Any CPU.Build.0 = Ad-Hoc|iPhone
		{F71165E6-81C4-4FAE-9BE4-B97366BC5D70}.Ad-Hoc|Any CPU.Deploy.0 = Ad-Hoc|iPhone
		{F71165E6-81C4-4FAE-9BE4-B97366BC5D70}.Ad-Hoc|ARM.ActiveCfg = Ad-Hoc|iPhone
		{F71165E6-81C4-4FAE-9BE4-B97366BC5D70}.Ad-Hoc|ARM.Build.0 = Ad-Hoc|iPhone
		{F71165E6-81C4-4FAE-9BE4-B97366BC5D70}.Ad-Hoc|ARM.Deploy.0 = Ad-Hoc|iPhone
		{F71165E6-81C4-4FAE-9BE4-B97366BC5D70}.Ad-Hoc|iPhone.ActiveCfg = Ad-Hoc|iPhone
		{F71165E6-81C4-4FAE-9BE4-B97366BC5D70}.Ad-Hoc|iPhone.Build.0 = Ad-Hoc|iPhone
		{F71165E6-81C4-4FAE-9BE4-B97366BC5D70}.Ad-Hoc|iPhone.Deploy.0 = Ad-Hoc|iPhone
		{F71165E6-81C4-4FAE-9BE4-B97366BC5D70}.Ad-Hoc|iPhoneSimulator.ActiveCfg = Ad-Hoc|iPhoneSimulator
		{F71165E6-81C4-4FAE-9BE4-B97366BC5D70}.Ad-Hoc|iPhoneSimulator.Build.0 = Ad-Hoc|iPhoneSimulator
		{F71165E6-81C4-4FAE-9BE4-B97366BC5D70}.Ad-Hoc|iPhoneSimulator.Deploy.0 = Ad-Hoc|iPhoneSimulator
		{F71165E6-81C4-4FAE-9BE4-B97366BC5D70}.Ad-Hoc|x64.ActiveCfg = Ad-Hoc|iPhone
		{F71165E6-81C4-4FAE-9BE4-B97366BC5D70}.Ad-Hoc|x64.Build.0 = Ad-Hoc|iPhone
		{F71165E6-81C4-4FAE-9BE4-B97366BC5D70}.Ad-Hoc|x64.Deploy.0 = Ad-Hoc|iPhone
		{F71165E6-81C4-4FAE-9BE4-B97366BC5D70}.Ad-Hoc|x86.ActiveCfg = Ad-Hoc|iPhone
		{F71165E6-81C4-4FAE-9BE4-B97366BC5D70}.Ad-Hoc|x86.Build.0 = Ad-Hoc|iPhone
		{F71165E6-81C4-4FAE-9BE4-B97366BC5D70}.Ad-Hoc|x86.Deploy.0 = Ad-Hoc|iPhone
		{F71165E6-81C4-4FAE-9BE4-B97366BC5D70}.AppStore|Any CPU.ActiveCfg = AppStore|iPhone
		{F71165E6-81C4-4FAE-9BE4-B97366BC5D70}.AppStore|Any CPU.Build.0 = AppStore|iPhone
		{F71165E6-81C4-4FAE-9BE4-B97366BC5D70}.AppStore|Any CPU.Deploy.0 = AppStore|iPhone
		{F71165E6-81C4-4FAE-9BE4-B97366BC5D70}.AppStore|ARM.ActiveCfg = AppStore|iPhone
		{F71165E6-81C4-4FAE-9BE4-B97366BC5D70}.AppStore|ARM.Build.0 = AppStore|iPhone
		{F71165E6-81C4-4FAE-9BE4-B97366BC5D70}.AppStore|ARM.Deploy.0 = AppStore|iPhone
		{F71165E6-81C4-4FAE-9BE4-B97366BC5D70}.AppStore|iPhone.ActiveCfg = AppStore|iPhone
		{F71165E6-81C4-4FAE-9BE4-B97366BC5D70}.AppStore|iPhone.Build.0 = AppStore|iPhone
		{F71165E6-81C4-4FAE-9BE4-B97366BC5D70}.AppStore|iPhone.Deploy.0 = AppStore|iPhone
		{F71165E6-81C4-4FAE-9BE4-B97366BC5D70}.AppStore|iPhoneSimulator.ActiveCfg = AppStore|iPhoneSimulator
		{F71165E6-81C4-4FAE-9BE4-B97366BC5D70}.AppStore|iPhoneSimulator.Build.0 = AppStore|iPhoneSimulator
		{F71165E6-81C4-4FAE-9BE4-B97366BC5D70}.AppStore|iPhoneSimulator.Deploy.0 = AppStore|iPhoneSimulator
		{F71165E6-81C4-4FAE-9BE4-B97366BC5D70}.AppStore|x64.ActiveCfg = AppStore|iPhone
		{F71165E6-81C4-4FAE-9BE4-B97366BC5D70}.AppStore|x64.Build.0 = AppStore|iPhone
		{F71165E6-81C4-4FAE-9BE4-B97366BC5D70}.AppStore|x64.Deploy.0 = AppStore|iPhone
		{F71165E6-81C4-4FAE-9BE4-B97366BC5D70}.AppStore|x86.ActiveCfg = AppStore|iPhone
		{F71165E6-81C4-4FAE-9BE4-B97366BC5D70}.AppStore|x86.Build.0 = AppStore|iPhone
		{F71165E6-81C4-4FAE-9BE4-B97366BC5D70}.AppStore|x86.Deploy.0 = AppStore|iPhone
		{F71165E6-81C4-4FAE-9BE4-B97366BC5D70}.Debug|Any CPU.ActiveCfg = Debug|iPhoneSimulator
		{F71165E6-81C4-4FAE-9BE4-B97366BC5D70}.Debug|Any CPU.Deploy.0 = Debug|iPhoneSimulator
		{F71165E6-81C4-4FAE-9BE4-B97366BC5D70}.Debug|ARM.ActiveCfg = Debug|iPhone
		{F71165E6-81C4-4FAE-9BE4-B97366BC5D70}.Debug|ARM.Build.0 = Debug|iPhone
		{F71165E6-81C4-4FAE-9BE4-B97366BC5D70}.Debug|ARM.Deploy.0 = Debug|iPhone
		{F71165E6-81C4-4FAE-9BE4-B97366BC5D70}.Debug|iPhone.ActiveCfg = Debug|iPhone
		{F71165E6-81C4-4FAE-9BE4-B97366BC5D70}.Debug|iPhone.Build.0 = Debug|iPhone
		{F71165E6-81C4-4FAE-9BE4-B97366BC5D70}.Debug|iPhone.Deploy.0 = Debug|iPhone
		{F71165E6-81C4-4FAE-9BE4-B97366BC5D70}.Debug|iPhoneSimulator.ActiveCfg = Debug|iPhoneSimulator
		{F71165E6-81C4-4FAE-9BE4-B97366BC5D70}.Debug|iPhoneSimulator.Build.0 = Debug|iPhoneSimulator
		{F71165E6-81C4-4FAE-9BE4-B97366BC5D70}.Debug|iPhoneSimulator.Deploy.0 = Debug|iPhoneSimulator
		{F71165E6-81C4-4FAE-9BE4-B97366BC5D70}.Debug|x64.ActiveCfg = Debug|iPhone
		{F71165E6-81C4-4FAE-9BE4-B97366BC5D70}.Debug|x64.Build.0 = Debug|iPhone
		{F71165E6-81C4-4FAE-9BE4-B97366BC5D70}.Debug|x64.Deploy.0 = Debug|iPhone
		{F71165E6-81C4-4FAE-9BE4-B97366BC5D70}.Debug|x86.ActiveCfg = Debug|iPhone
		{F71165E6-81C4-4FAE-9BE4-B97366BC5D70}.Debug|x86.Deploy.0 = Debug|iPhone
		{F71165E6-81C4-4FAE-9BE4-B97366BC5D70}.Release|Any CPU.ActiveCfg = Release|iPhone
		{F71165E6-81C4-4FAE-9BE4-B97366BC5D70}.Release|Any CPU.Build.0 = Release|iPhone
		{F71165E6-81C4-4FAE-9BE4-B97366BC5D70}.Release|Any CPU.Deploy.0 = Release|iPhone
		{F71165E6-81C4-4FAE-9BE4-B97366BC5D70}.Release|ARM.ActiveCfg = Release|iPhone
		{F71165E6-81C4-4FAE-9BE4-B97366BC5D70}.Release|ARM.Build.0 = Release|iPhone
		{F71165E6-81C4-4FAE-9BE4-B97366BC5D70}.Release|ARM.Deploy.0 = Release|iPhone
		{F71165E6-81C4-4FAE-9BE4-B97366BC5D70}.Release|iPhone.ActiveCfg = Release|iPhone
		{F71165E6-81C4-4FAE-9BE4-B97366BC5D70}.Release|iPhone.Build.0 = Release|iPhone
		{F71165E6-81C4-4FAE-9BE4-B97366BC5D70}.Release|iPhone.Deploy.0 = Release|iPhone
		{F71165E6-81C4-4FAE-9BE4-B97366BC5D70}.Release|iPhoneSimulator.ActiveCfg = Release|iPhoneSimulator
		{F71165E6-81C4-4FAE-9BE4-B97366BC5D70}.Release|iPhoneSimulator.Build.0 = Release|iPhoneSimulator
		{F71165E6-81C4-4FAE-9BE4-B97366BC5D70}.Release|iPhoneSimulator.Deploy.0 = Release|iPhoneSimulator
		{F71165E6-81C4-4FAE-9BE4-B97366BC5D70}.Release|x64.ActiveCfg = Release|iPhone
		{F71165E6-81C4-4FAE-9BE4-B97366BC5D70}.Release|x64.Build.0 = Release|iPhone
		{F71165E6-81C4-4FAE-9BE4-B97366BC5D70}.Release|x64.Deploy.0 = Release|iPhone
		{F71165E6-81C4-4FAE-9BE4-B97366BC5D70}.Release|x86.ActiveCfg = Release|iPhone
		{F71165E6-81C4-4FAE-9BE4-B97366BC5D70}.Release|x86.Build.0 = Release|iPhone
		{F71165E6-81C4-4FAE-9BE4-B97366BC5D70}.Release|x86.Deploy.0 = Release|iPhone
		{E8E29CF3-246E-4772-9283-C3E028863E5D}.Ad-Hoc|Any CPU.ActiveCfg = Release|x86
		{E8E29CF3-246E-4772-9283-C3E028863E5D}.Ad-Hoc|Any CPU.Build.0 = Release|x86
		{E8E29CF3-246E-4772-9283-C3E028863E5D}.Ad-Hoc|Any CPU.Deploy.0 = Release|x86
		{E8E29CF3-246E-4772-9283-C3E028863E5D}.Ad-Hoc|ARM.ActiveCfg = Release|ARM
		{E8E29CF3-246E-4772-9283-C3E028863E5D}.Ad-Hoc|ARM.Build.0 = Release|ARM
		{E8E29CF3-246E-4772-9283-C3E028863E5D}.Ad-Hoc|ARM.Deploy.0 = Release|ARM
		{E8E29CF3-246E-4772-9283-C3E028863E5D}.Ad-Hoc|iPhone.ActiveCfg = Release|x86
		{E8E29CF3-246E-4772-9283-C3E028863E5D}.Ad-Hoc|iPhone.Build.0 = Release|x86
		{E8E29CF3-246E-4772-9283-C3E028863E5D}.Ad-Hoc|iPhone.Deploy.0 = Release|x86
		{E8E29CF3-246E-4772-9283-C3E028863E5D}.Ad-Hoc|iPhoneSimulator.ActiveCfg = Release|x86
		{E8E29CF3-246E-4772-9283-C3E028863E5D}.Ad-Hoc|iPhoneSimulator.Build.0 = Release|x86
		{E8E29CF3-246E-4772-9283-C3E028863E5D}.Ad-Hoc|iPhoneSimulator.Deploy.0 = Release|x86
		{E8E29CF3-246E-4772-9283-C3E028863E5D}.Ad-Hoc|x64.ActiveCfg = Release|x64
		{E8E29CF3-246E-4772-9283-C3E028863E5D}.Ad-Hoc|x64.Build.0 = Release|x64
		{E8E29CF3-246E-4772-9283-C3E028863E5D}.Ad-Hoc|x64.Deploy.0 = Release|x64
		{E8E29CF3-246E-4772-9283-C3E028863E5D}.Ad-Hoc|x86.ActiveCfg = Release|x86
		{E8E29CF3-246E-4772-9283-C3E028863E5D}.Ad-Hoc|x86.Build.0 = Release|x86
		{E8E29CF3-246E-4772-9283-C3E028863E5D}.Ad-Hoc|x86.Deploy.0 = Release|x86
		{E8E29CF3-246E-4772-9283-C3E028863E5D}.AppStore|Any CPU.ActiveCfg = Release|x86
		{E8E29CF3-246E-4772-9283-C3E028863E5D}.AppStore|Any CPU.Build.0 = Release|x86
		{E8E29CF3-246E-4772-9283-C3E028863E5D}.AppStore|Any CPU.Deploy.0 = Release|x86
		{E8E29CF3-246E-4772-9283-C3E028863E5D}.AppStore|ARM.ActiveCfg = Release|ARM
		{E8E29CF3-246E-4772-9283-C3E028863E5D}.AppStore|ARM.Build.0 = Release|ARM
		{E8E29CF3-246E-4772-9283-C3E028863E5D}.AppStore|ARM.Deploy.0 = Release|ARM
		{E8E29CF3-246E-4772-9283-C3E028863E5D}.AppStore|iPhone.ActiveCfg = Release|x86
		{E8E29CF3-246E-4772-9283-C3E028863E5D}.AppStore|iPhone.Build.0 = Release|x86
		{E8E29CF3-246E-4772-9283-C3E028863E5D}.AppStore|iPhone.Deploy.0 = Release|x86
		{E8E29CF3-246E-4772-9283-C3E028863E5D}.AppStore|iPhoneSimulator.ActiveCfg = Release|x86
		{E8E29CF3-246E-4772-9283-C3E028863E5D}.AppStore|iPhoneSimulator.Build.0 = Release|x86
		{E8E29CF3-246E-4772-9283-C3E028863E5D}.AppStore|iPhoneSimulator.Deploy.0 = Release|x86
		{E8E29CF3-246E-4772-9283-C3E028863E5D}.AppStore|x64.ActiveCfg = Release|x64
		{E8E29CF3-246E-4772-9283-C3E028863E5D}.AppStore|x64.Build.0 = Release|x64
		{E8E29CF3-246E-4772-9283-C3E028863E5D}.AppStore|x64.Deploy.0 = Release|x64
		{E8E29CF3-246E-4772-9283-C3E028863E5D}.AppStore|x86.ActiveCfg = Release|x86
		{E8E29CF3-246E-4772-9283-C3E028863E5D}.AppStore|x86.Build.0 = Release|x86
		{E8E29CF3-246E-4772-9283-C3E028863E5D}.AppStore|x86.Deploy.0 = Release|x86
		{E8E29CF3-246E-4772-9283-C3E028863E5D}.Debug|Any CPU.ActiveCfg = Debug|x86
		{E8E29CF3-246E-4772-9283-C3E028863E5D}.Debug|Any CPU.Build.0 = Debug|x86
		{E8E29CF3-246E-4772-9283-C3E028863E5D}.Debug|Any CPU.Deploy.0 = Debug|x86
		{E8E29CF3-246E-4772-9283-C3E028863E5D}.Debug|ARM.ActiveCfg = Debug|ARM
		{E8E29CF3-246E-4772-9283-C3E028863E5D}.Debug|ARM.Build.0 = Debug|ARM
		{E8E29CF3-246E-4772-9283-C3E028863E5D}.Debug|ARM.Deploy.0 = Debug|ARM
		{E8E29CF3-246E-4772-9283-C3E028863E5D}.Debug|iPhone.ActiveCfg = Debug|x86
		{E8E29CF3-246E-4772-9283-C3E028863E5D}.Debug|iPhone.Build.0 = Debug|x86
		{E8E29CF3-246E-4772-9283-C3E028863E5D}.Debug|iPhone.Deploy.0 = Debug|x86
		{E8E29CF3-246E-4772-9283-C3E028863E5D}.Debug|iPhoneSimulator.ActiveCfg = Debug|x86
		{E8E29CF3-246E-4772-9283-C3E028863E5D}.Debug|iPhoneSimulator.Build.0 = Debug|x86
		{E8E29CF3-246E-4772-9283-C3E028863E5D}.Debug|iPhoneSimulator.Deploy.0 = Debug|x86
		{E8E29CF3-246E-4772-9283-C3E028863E5D}.Debug|x64.ActiveCfg = Debug|x64
		{E8E29CF3-246E-4772-9283-C3E028863E5D}.Debug|x64.Build.0 = Debug|x64
		{E8E29CF3-246E-4772-9283-C3E028863E5D}.Debug|x64.Deploy.0 = Debug|x64
		{E8E29CF3-246E-4772-9283-C3E028863E5D}.Debug|x86.ActiveCfg = Debug|x86
		{E8E29CF3-246E-4772-9283-C3E028863E5D}.Debug|x86.Build.0 = Debug|x86
		{E8E29CF3-246E-4772-9283-C3E028863E5D}.Debug|x86.Deploy.0 = Debug|x86
		{E8E29CF3-246E-4772-9283-C3E028863E5D}.Release|Any CPU.ActiveCfg = Release|x86
		{E8E29CF3-246E-4772-9283-C3E028863E5D}.Release|Any CPU.Build.0 = Release|x86
		{E8E29CF3-246E-4772-9283-C3E028863E5D}.Release|Any CPU.Deploy.0 = Release|x86
		{E8E29CF3-246E-4772-9283-C3E028863E5D}.Release|ARM.ActiveCfg = Release|ARM
		{E8E29CF3-246E-4772-9283-C3E028863E5D}.Release|ARM.Build.0 = Release|ARM
		{E8E29CF3-246E-4772-9283-C3E028863E5D}.Release|ARM.Deploy.0 = Release|ARM
		{E8E29CF3-246E-4772-9283-C3E028863E5D}.Release|iPhone.ActiveCfg = Release|x86
		{E8E29CF3-246E-4772-9283-C3E028863E5D}.Release|iPhone.Build.0 = Release|x86
		{E8E29CF3-246E-4772-9283-C3E028863E5D}.Release|iPhone.Deploy.0 = Release|x86
		{E8E29CF3-246E-4772-9283-C3E028863E5D}.Release|iPhoneSimulator.ActiveCfg = Release|x86
		{E8E29CF3-246E-4772-9283-C3E028863E5D}.Release|iPhoneSimulator.Build.0 = Release|x86
		{E8E29CF3-246E-4772-9283-C3E028863E5D}.Release|iPhoneSimulator.Deploy.0 = Release|x86
		{E8E29CF3-246E-4772-9283-C3E028863E5D}.Release|x64.ActiveCfg = Release|x64
		{E8E29CF3-246E-4772-9283-C3E028863E5D}.Release|x64.Build.0 = Release|x64
		{E8E29CF3-246E-4772-9283-C3E028863E5D}.Release|x64.Deploy.0 = Release|x64
		{E8E29CF3-246E-4772-9283-C3E028863E5D}.Release|x86.ActiveCfg = Release|x86
		{E8E29CF3-246E-4772-9283-C3E028863E5D}.Release|x86.Build.0 = Release|x86
		{E8E29CF3-246E-4772-9283-C3E028863E5D}.Release|x86.Deploy.0 = Release|x86
		{D79B2263-A487-4964-99BE-A1D31538F3B6}.Ad-Hoc|Any CPU.ActiveCfg = Debug|Any CPU
		{D79B2263-A487-4964-99BE-A1D31538F3B6}.Ad-Hoc|Any CPU.Build.0 = Debug|Any CPU
		{D79B2263-A487-4964-99BE-A1D31538F3B6}.Ad-Hoc|Any CPU.Deploy.0 = Debug|Any CPU
		{D79B2263-A487-4964-99BE-A1D31538F3B6}.Ad-Hoc|ARM.ActiveCfg = Debug|Any CPU
		{D79B2263-A487-4964-99BE-A1D31538F3B6}.Ad-Hoc|ARM.Build.0 = Debug|Any CPU
		{D79B2263-A487-4964-99BE-A1D31538F3B6}.Ad-Hoc|ARM.Deploy.0 = Debug|Any CPU
		{D79B2263-A487-4964-99BE-A1D31538F3B6}.Ad-Hoc|iPhone.ActiveCfg = Debug|Any CPU
		{D79B2263-A487-4964-99BE-A1D31538F3B6}.Ad-Hoc|iPhone.Build.0 = Debug|Any CPU
		{D79B2263-A487-4964-99BE-A1D31538F3B6}.Ad-Hoc|iPhone.Deploy.0 = Debug|Any CPU
		{D79B2263-A487-4964-99BE-A1D31538F3B6}.Ad-Hoc|iPhoneSimulator.ActiveCfg = Debug|Any CPU
		{D79B2263-A487-4964-99BE-A1D31538F3B6}.Ad-Hoc|iPhoneSimulator.Build.0 = Debug|Any CPU
		{D79B2263-A487-4964-99BE-A1D31538F3B6}.Ad-Hoc|iPhoneSimulator.Deploy.0 = Debug|Any CPU
		{D79B2263-A487-4964-99BE-A1D31538F3B6}.Ad-Hoc|x64.ActiveCfg = Debug|Any CPU
		{D79B2263-A487-4964-99BE-A1D31538F3B6}.Ad-Hoc|x64.Build.0 = Debug|Any CPU
		{D79B2263-A487-4964-99BE-A1D31538F3B6}.Ad-Hoc|x64.Deploy.0 = Debug|Any CPU
		{D79B2263-A487-4964-99BE-A1D31538F3B6}.Ad-Hoc|x86.ActiveCfg = Debug|Any CPU
		{D79B2263-A487-4964-99BE-A1D31538F3B6}.Ad-Hoc|x86.Build.0 = Debug|Any CPU
		{D79B2263-A487-4964-99BE-A1D31538F3B6}.Ad-Hoc|x86.Deploy.0 = Debug|Any CPU
		{D79B2263-A487-4964-99BE-A1D31538F3B6}.AppStore|Any CPU.ActiveCfg = Debug|Any CPU
		{D79B2263-A487-4964-99BE-A1D31538F3B6}.AppStore|Any CPU.Build.0 = Debug|Any CPU
		{D79B2263-A487-4964-99BE-A1D31538F3B6}.AppStore|Any CPU.Deploy.0 = Debug|Any CPU
		{D79B2263-A487-4964-99BE-A1D31538F3B6}.AppStore|ARM.ActiveCfg = Debug|Any CPU
		{D79B2263-A487-4964-99BE-A1D31538F3B6}.AppStore|ARM.Build.0 = Debug|Any CPU
		{D79B2263-A487-4964-99BE-A1D31538F3B6}.AppStore|ARM.Deploy.0 = Debug|Any CPU
		{D79B2263-A487-4964-99BE-A1D31538F3B6}.AppStore|iPhone.ActiveCfg = Debug|Any CPU
		{D79B2263-A487-4964-99BE-A1D31538F3B6}.AppStore|iPhone.Build.0 = Debug|Any CPU
		{D79B2263-A487-4964-99BE-A1D31538F3B6}.AppStore|iPhone.Deploy.0 = Debug|Any CPU
		{D79B2263-A487-4964-99BE-A1D31538F3B6}.AppStore|iPhoneSimulator.ActiveCfg = Debug|Any CPU
		{D79B2263-A487-4964-99BE-A1D31538F3B6}.AppStore|iPhoneSimulator.Build.0 = Debug|Any CPU
		{D79B2263-A487-4964-99BE-A1D31538F3B6}.AppStore|iPhoneSimulator.Deploy.0 = Debug|Any CPU
		{D79B2263-A487-4964-99BE-A1D31538F3B6}.AppStore|x64.ActiveCfg = Debug|Any CPU
		{D79B2263-A487-4964-99BE-A1D31538F3B6}.AppStore|x64.Build.0 = Debug|Any CPU
		{D79B2263-A487-4964-99BE-A1D31538F3B6}.AppStore|x64.Deploy.0 = Debug|Any CPU
		{D79B2263-A487-4964-99BE-A1D31538F3B6}.AppStore|x86.ActiveCfg = Debug|Any CPU
		{D79B2263-A487-4964-99BE-A1D31538F3B6}.AppStore|x86.Build.0 = Debug|Any CPU
		{D79B2263-A487-4964-99BE-A1D31538F3B6}.AppStore|x86.Deploy.0 = Debug|Any CPU
		{D79B2263-A487-4964-99BE-A1D31538F3B6}.Debug|Any CPU.ActiveCfg = Debug|Any CPU
		{D79B2263-A487-4964-99BE-A1D31538F3B6}.Debug|Any CPU.Build.0 = Debug|Any CPU
		{D79B2263-A487-4964-99BE-A1D31538F3B6}.Debug|Any CPU.Deploy.0 = Debug|Any CPU
		{D79B2263-A487-4964-99BE-A1D31538F3B6}.Debug|ARM.ActiveCfg = Debug|Any CPU
		{D79B2263-A487-4964-99BE-A1D31538F3B6}.Debug|ARM.Build.0 = Debug|Any CPU
		{D79B2263-A487-4964-99BE-A1D31538F3B6}.Debug|ARM.Deploy.0 = Debug|Any CPU
		{D79B2263-A487-4964-99BE-A1D31538F3B6}.Debug|iPhone.ActiveCfg = Debug|Any CPU
		{D79B2263-A487-4964-99BE-A1D31538F3B6}.Debug|iPhone.Build.0 = Debug|Any CPU
		{D79B2263-A487-4964-99BE-A1D31538F3B6}.Debug|iPhone.Deploy.0 = Debug|Any CPU
		{D79B2263-A487-4964-99BE-A1D31538F3B6}.Debug|iPhoneSimulator.ActiveCfg = Debug|Any CPU
		{D79B2263-A487-4964-99BE-A1D31538F3B6}.Debug|iPhoneSimulator.Build.0 = Debug|Any CPU
		{D79B2263-A487-4964-99BE-A1D31538F3B6}.Debug|iPhoneSimulator.Deploy.0 = Debug|Any CPU
		{D79B2263-A487-4964-99BE-A1D31538F3B6}.Debug|x64.ActiveCfg = Debug|Any CPU
		{D79B2263-A487-4964-99BE-A1D31538F3B6}.Debug|x64.Build.0 = Debug|Any CPU
		{D79B2263-A487-4964-99BE-A1D31538F3B6}.Debug|x64.Deploy.0 = Debug|Any CPU
		{D79B2263-A487-4964-99BE-A1D31538F3B6}.Debug|x86.ActiveCfg = Debug|Any CPU
		{D79B2263-A487-4964-99BE-A1D31538F3B6}.Debug|x86.Build.0 = Debug|Any CPU
		{D79B2263-A487-4964-99BE-A1D31538F3B6}.Debug|x86.Deploy.0 = Debug|Any CPU
		{D79B2263-A487-4964-99BE-A1D31538F3B6}.Release|Any CPU.ActiveCfg = Release|Any CPU
		{D79B2263-A487-4964-99BE-A1D31538F3B6}.Release|Any CPU.Build.0 = Release|Any CPU
		{D79B2263-A487-4964-99BE-A1D31538F3B6}.Release|Any CPU.Deploy.0 = Release|Any CPU
		{D79B2263-A487-4964-99BE-A1D31538F3B6}.Release|ARM.ActiveCfg = Release|Any CPU
		{D79B2263-A487-4964-99BE-A1D31538F3B6}.Release|ARM.Build.0 = Release|Any CPU
		{D79B2263-A487-4964-99BE-A1D31538F3B6}.Release|ARM.Deploy.0 = Release|Any CPU
		{D79B2263-A487-4964-99BE-A1D31538F3B6}.Release|iPhone.ActiveCfg = Release|Any CPU
		{D79B2263-A487-4964-99BE-A1D31538F3B6}.Release|iPhone.Build.0 = Release|Any CPU
		{D79B2263-A487-4964-99BE-A1D31538F3B6}.Release|iPhone.Deploy.0 = Release|Any CPU
		{D79B2263-A487-4964-99BE-A1D31538F3B6}.Release|iPhoneSimulator.ActiveCfg = Release|Any CPU
		{D79B2263-A487-4964-99BE-A1D31538F3B6}.Release|iPhoneSimulator.Build.0 = Release|Any CPU
		{D79B2263-A487-4964-99BE-A1D31538F3B6}.Release|iPhoneSimulator.Deploy.0 = Release|Any CPU
		{D79B2263-A487-4964-99BE-A1D31538F3B6}.Release|x64.ActiveCfg = Release|Any CPU
		{D79B2263-A487-4964-99BE-A1D31538F3B6}.Release|x64.Build.0 = Release|Any CPU
		{D79B2263-A487-4964-99BE-A1D31538F3B6}.Release|x64.Deploy.0 = Release|Any CPU
		{D79B2263-A487-4964-99BE-A1D31538F3B6}.Release|x86.ActiveCfg = Release|Any CPU
		{D79B2263-A487-4964-99BE-A1D31538F3B6}.Release|x86.Build.0 = Release|Any CPU
		{D79B2263-A487-4964-99BE-A1D31538F3B6}.Release|x86.Deploy.0 = Release|Any CPU
	EndGlobalSection
	GlobalSection(SolutionProperties) = preSolution
		HideSolutionNode = FALSE
	EndGlobalSection
	GlobalSection(ExtensibilityGlobals) = postSolution
		SolutionGuid = {00BA3DEC-0893-4CC8-99E8-61E78DEB5828}
	EndGlobalSection
EndGlobal
